{
  "name": "nodejs-kafkaschemaregistry-example",
  "version": "1.0.0",
  "lockfileVersion": 2,
  "requires": true,
  "packages": {
    "": {
      "name": "nodejs-kafkaschemaregistry-example",
      "version": "1.0.0",
      "license": "ISC",
      "dependencies": {
        "@kafkajs/confluent-schema-registry": "^1.0.6",
        "kafkajs": "^1.15.0"
      }
    },
    "node_modules/@kafkajs/confluent-schema-registry": {
      "version": "1.0.6",
      "resolved": "https://registry.npmjs.org/@kafkajs/confluent-schema-registry/-/confluent-schema-registry-1.0.6.tgz",
      "integrity": "sha512-NrZL1peOIlmlLKvheQcJAx9PHdnc4kaW+9+Yt4jXUfbbYR9EFNCZt6yApI4SwlFilaiZieReM6XslWy1LZAvoQ==",
      "dependencies": {
        "avsc": ">= 5.4.13 < 6",
        "mappersmith": ">= 2.30.1 < 3"
      }
    },
    "node_modules/avsc": {
      "version": "5.5.3",
      "resolved": "https://registry.npmjs.org/avsc/-/avsc-5.5.3.tgz",
      "integrity": "sha512-LaBbmBsus1mpK+6i99AF57/tUP8/wAj9+ZZm/5HGNIWN0dUZWUEp4/o79pAiRz49Mdb3PskltbCFD3w115TdZQ==",
      "engines": {
        "node": ">=0.11"
      }
    },
    "node_modules/kafkajs": {
      "version": "1.15.0",
      "resolved": "https://registry.npmjs.org/kafkajs/-/kafkajs-1.15.0.tgz",
      "integrity": "sha512-yjPyEnQCkPxAuQLIJnY5dI+xnmmgXmhuOQ1GVxClG5KTOV/rJcW1qA3UfvyEJKTp/RTSqQnUR3HJsKFvHyTpNg==",
      "engines": {
        "node": ">=10.13.0"
      }
    },
    "node_modules/mappersmith": {
      "version": "2.34.0",
      "resolved": "https://registry.npmjs.org/mappersmith/-/mappersmith-2.34.0.tgz",
      "integrity": "sha512-OS6fHyP2iOcyAV9fcXZ/OCevqT+JLzLUbFp6WaypmlRihEIL4f9PVqg8/M7e3doGzbE7ot2R4Ca2bYys7ZX44g=="
    }
  },
  "dependencies": {
    "@kafkajs/confluent-schema-registry": {
      "version": "1.0.6",
      "resolved": "https://registry.npmjs.org/@kafkajs/confluent-schema-registry/-/confluent-schema-registry-1.0.6.tgz",
      "integrity": "sha512-NrZL1peOIlmlLKvheQcJAx9PHdnc4kaW+9+Yt4jXUfbbYR9EFNCZt6yApI4SwlFilaiZieReM6XslWy1LZAvoQ==",
      "requires": {
        "avsc": ">= 5.4.13 < 6",
        "mappersmith": ">= 2.30.1 < 3"
      }
    },
    "avsc": {
      "version": "5.5.3",
      "resolved": "https://registry.npmjs.org/avsc/-/avsc-5.5.3.tgz",
      "integrity": "sha512-LaBbmBsus1mpK+6i99AF57/tUP8/wAj9+ZZm/5HGNIWN0dUZWUEp4/o79pAiRz49Mdb3PskltbCFD3w115TdZQ=="
    },
    "kafkajs": {
      "version": "1.15.0",
      "resolved": "https://registry.npmjs.org/kafkajs/-/kafkajs-1.15.0.tgz",
      "integrity": "sha512-yjPyEnQCkPxAuQLIJnY5dI+xnmmgXmhuOQ1GVxClG5KTOV/rJcW1qA3UfvyEJKTp/RTSqQnUR3HJsKFvHyTpNg=="
    },
    "mappersmith": {
      "version": "2.34.0",
      "resolved": "https://registry.npmjs.org/mappersmith/-/mappersmith-2.34.0.tgz",
      "integrity": "sha512-OS6fHyP2iOcyAV9fcXZ/OCevqT+JLzLUbFp6WaypmlRihEIL4f9PVqg8/M7e3doGzbE7ot2R4Ca2bYys7ZX44g=="
    }
  }
}
